{
  "name": "giggleme-designs",
  "lockfileVersion": 3,
  "requires": true,
  "packages": {
    "": {
      "name": "giggleme-designs",
      "dependencies": {
        "@fontsource/anton": "^5.0.0",
        "@fontsource/archivo-black": "^5.0.0",
        "@fontsource/black-ops-one": "^5.3.0",
        "@fontsource/bodoni-moda": "^5.3.0",
        "@fontsource/dm-serif-display": "^5.0.0",
        "@fontsource/orbitron": "^5.3.0",
        "@fontsource/pacifico": "^5.3.0",
        "@fontsource/playfair-display": "^5.3.0",
        "@fontsource/russo-one": "^5.3.0",
        "@fontsource/saira-stencil-one": "^5.3.0",
        "@fontsource/shrikhand": "^5.0.0",
        "@fontsource/space-mono": "^5.0.0",
        "@fontsource/titan-one": "^5.0.0"
      },
      "devDependencies": {
        "playwright": "^1.56.1"
      }
    },
    "node_modules/@fontsource/anton": {
      "version": "5.3.0",
      "resolved": "https://registry.npmjs.org/@fontsource/anton/-/anton-5.3.0.tgz",
      "integrity": "sha512-OR1D5n124n2XRs66SbX7IjcOSptljEJE8FcDNnlni2y1/M6KpTx7cU2PIWzTSsBj4WFkHPw24On8qw3qkQZuTw==",
      "license": "OFL-1.1",
      "funding": {
        "url": "https://github.com/sponsors/ayuhito"
      }
    },
    "node_modules/@fontsource/archivo-black": {
      "version": "5.3.0",
      "resolved": "https://registry.npmjs.org/@fontsource/archivo-black/-/archivo-black-5.3.0.tgz",
      "integrity": "sha512-7EsTIQ+Blf96ktpzTUpI7msi+u9/AJxM/GZxOSkEubVd1jSTrFSTNxMgfpX/8rQsjZ+19a+qvRbtcTEp5J/72g==",
      "license": "OFL-1.1",
      "funding": {
        "url": "https://github.com/sponsors/ayuhito"
      }
    },
    "node_modules/@fontsource/black-ops-one": {
      "version": "5.3.0",
      "resolved": "https://registry.npmjs.org/@fontsource/black-ops-one/-/black-ops-one-5.3.0.tgz",
      "integrity": "sha512-kDqkJFtvMErjajEeMXv6nyIW3t6UKb5usW+1/sQox9vA5q8dyMpAdAW9tU6+aIWo6xIQlatqNrfUlrBdJu6D4A==",
      "license": "OFL-1.1",
      "funding": {
        "url": "https://github.com/sponsors/ayuhito"
      }
    },
    "node_modules/@fontsource/bodoni-moda": {
      "version": "5.3.0",
      "resolved": "https://registry.npmjs.org/@fontsource/bodoni-moda/-/bodoni-moda-5.3.0.tgz",
      "integrity": "sha512-Wt2XBCHivYxkTP3ydq/Ax+7VshwsOh/6ayA5om2t+yClCkGwLPj2Mi6OnyMANjyLcqDUWs4rlOHnc8SBLf6/pA==",
      "license": "OFL-1.1",
      "funding": {
        "url": "https://github.com/sponsors/ayuhito"
      }
    },
    "node_modules/@fontsource/dm-serif-display": {
      "version": "5.3.0",
      "resolved": "https://registry.npmjs.org/@fontsource/dm-serif-display/-/dm-serif-display-5.3.0.tgz",
      "integrity": "sha512-ecRclUcYeto9fB7ghkB36H4MtUoaUYFjjornWYYeLCMHzaWEDPk2kIWgZOq0mKBNRxclRSieKcFeLonlMYDTKg==",
      "license": "OFL-1.1",
      "funding": {
        "url": "https://github.com/sponsors/ayuhito"
      }
    },
    "node_modules/@fontsource/orbitron": {
      "version": "5.3.0",
      "resolved": "https://registry.npmjs.org/@fontsource/orbitron/-/orbitron-5.3.0.tgz",
      "integrity": "sha512-+BhPsbUAo/AF7sRcf+TEexm+EWWkgTiR9Zwb7AhYIPkc5oplfvw0C45Oc2xlKPhwVEmxG8hHuA6/Ansbl+Bc6w==",
      "license": "OFL-1.1",
      "funding": {
        "url": "https://github.com/sponsors/ayuhito"
      }
    },
    "node_modules/@fontsource/pacifico": {
      "version": "5.3.0",
      "resolved": "https://registry.npmjs.org/@fontsource/pacifico/-/pacifico-5.3.0.tgz",
      "integrity": "sha512-bWv0fHR1n36p7scRn+maaEaVeQCOq9yvfVfjyAeUzKrK4Y/3qiRAEj4hJgfxj/sjgZZGkeHyKPrbWdDaZtpCVw==",
      "license": "OFL-1.1",
      "funding": {
        "url": "https://github.com/sponsors/ayuhito"
      }
    },
    "node_modules/@fontsource/playfair-display": {
      "version": "5.3.0",
      "resolved": "https://registry.npmjs.org/@fontsource/playfair-display/-/playfair-display-5.3.0.tgz",
      "integrity": "sha512-uJSABalvdWc10fEPppQjQocamT21LEyRfzzWfRfqbkPz+sRv+kKpYDKyluBUskvJREkJTos9epj1WjQROGu99Q==",
      "license": "OFL-1.1",
      "funding": {
        "url": "https://github.com/sponsors/ayuhito"
      }
    },
    "node_modules/@fontsource/russo-one": {
      "version": "5.3.0",
      "resolved": "https://registry.npmjs.org/@fontsource/russo-one/-/russo-one-5.3.0.tgz",
      "integrity": "sha512-loHnqTq6D+H2WQdOB2pnAeCHbbsGqobmxnxU79MNFKjPWV2TPXdc78dbbkOAcWuKWDEY+FNXZFZ1nhaQvCWNAw==",
      "license": "OFL-1.1",
      "funding": {
        "url": "https://github.com/sponsors/ayuhito"
      }
    },
    "node_modules/@fontsource/saira-stencil-one": {
      "version": "5.3.0",
      "resolved": "https://registry.npmjs.org/@fontsource/saira-stencil-one/-/saira-stencil-one-5.3.0.tgz",
      "integrity": "sha512-b7ILM7KrAWTIUSWKuzV29lTQZV5QOGhlmXXEt3Dsg/rJ4lo1kjUjuo6dBG9Iq+pR7wRZCVXftinVHDof+i9nSA==",
      "license": "OFL-1.1",
      "funding": {
        "url": "https://github.com/sponsors/ayuhito"
      }
    },
    "node_modules/@fontsource/shrikhand": {
      "version": "5.3.0",
      "resolved": "https://registry.npmjs.org/@fontsource/shrikhand/-/shrikhand-5.3.0.tgz",
      "integrity": "sha512-AWCCj1oNNpMK5hXfFo4JO5KyLhPrdBmpbA0wyIl4IUB05WTU0CGP2UgGX7Lcq/N8nS2+hcxzCPMSQ1R55FuMPg==",
      "license": "OFL-1.1",
      "funding": {
        "url": "https://github.com/sponsors/ayuhito"
      }
    },
    "node_modules/@fontsource/space-mono": {
      "version": "5.3.0",
      "resolved": "https://registry.npmjs.org/@fontsource/space-mono/-/space-mono-5.3.0.tgz",
      "integrity": "sha512-FrpBMOVWn3PRdRHlrZWC55X3kZG/2BTH7SM5ZyS/bky3iKya2BturI5lk+t0RoDQL2JyHzURsVq/EisCsxpI5A==",
      "license": "OFL-1.1",
      "funding": {
        "url": "https://github.com/sponsors/ayuhito"
      }
    },
    "node_modules/@fontsource/titan-one": {
      "version": "5.3.0",
      "resolved": "https://registry.npmjs.org/@fontsource/titan-one/-/titan-one-5.3.0.tgz",
      "integrity": "sha512-PpYfmhzzC3OVK+tQ2T5n5gx/+L6u+B0u//hu0/wqs0XBx45o8nPhFySl1/+NGYt92WE0MUuUVl0P2mF0/8xykw==",
      "license": "OFL-1.1",
      "funding": {
        "url": "https://github.com/sponsors/ayuhito"
      }
    },
    "node_modules/fsevents": {
      "version": "2.3.2",
      "resolved": "https://registry.npmjs.org/fsevents/-/fsevents-2.3.2.tgz",
      "integrity": "sha512-xiqMQR4xAeHTuB9uWm+fFRcIOgKBMiOBP+eXiyT7jsgVCq1bkVygt00oASowB7EdtpOHaaPgKt812P9ab+DDKA==",
      "dev": true,
      "hasInstallScript": true,
      "license": "MIT",
      "optional": true,
      "os": [
        "darwin"
      ],
      "engines": {
        "node": "^8.16.0 || ^10.6.0 || >=11.0.0"
      }
    },
    "node_modules/playwright": {
      "version": "1.56.1",
      "resolved": "https://registry.npmjs.org/playwright/-/playwright-1.56.1.tgz",
      "integrity": "sha512-aFi5B0WovBHTEvpM3DzXTUaeN6eN0qWnTkKx4NQaH4Wvcmc153PdaY2UBdSYKaGYw+UyWXSVyxDUg5DoPEttjw==",
      "dev": true,
      "license": "Apache-2.0",
      "dependencies": {
        "playwright-core": "1.56.1"
      },
      "bin": {
        "playwright": "cli.js"
      },
      "engines": {
        "node": ">=18"
      },
      "optionalDependencies": {
        "fsevents": "2.3.2"
      }
    },
    "node_modules/playwright-core": {
      "version": "1.56.1",
      "resolved": "https://registry.npmjs.org/playwright-core/-/playwright-core-1.56.1.tgz",
      "integrity": "sha512-hutraynyn31F+Bifme+Ps9Vq59hKuUCz7H1kDOcBs+2oGguKkWTU50bBWrtz34OUWmIwpBTWDxaRPXrIXkgvmQ==",
      "dev": true,
      "license": "Apache-2.0",
      "bin": {
        "playwright-core": "cli.js"
      },
      "engines": {
        "node": ">=18"
      }
    }
  }
}
